
Microsoft Visual Studio Solution File, Format Version 12.00
# Visual Studio Version 17
VisualStudioVersion = 17.11.35327.3
MinimumVisualStudioVersion = 10.0.40219.1
Project("{8BC9CEB8-8B4A-11D0-8D11-00A0C91BC942}") = "my_port_scanner", "my_port_scanner\my_port_scanner.vcxproj", "{79E15442-5912-43C4-9ADE-8401EE0C5CDD}"
EndProject
Global
	GlobalSection(SolutionConfigurationPlatforms) = preSolution
		Debug|x64 = Debug|x64
		Debug|x86 = Debug|x86
		Release|x64 = Release|x64
		Release|x86 = Release|x86
	EndGlobalSection
	GlobalSection(ProjectConfigurationPlatforms) = postSolution
		{79E15442-5912-43C4-9ADE-8401EE0C5CDD}.Debug|x64.ActiveCfg = Debug|x64
		{79E15442-5912-43C4-9ADE-8401EE0C5CDD}.Debug|x64.Build.0 = Debug|x64
		{79E15442-5912-43C4-9ADE-8401EE0C5CDD}.Debug|x86.ActiveCfg = Debug|Win32
		{79E15442-5912-43C4-9ADE-8401EE0C5CDD}.Debug|x86.Build.0 = Debug|Win32
		{79E15442-5912-43C4-9ADE-8401EE0C5CDD}.Release|x64.ActiveCfg = Release|x64
		{79E15442-5912-43C4-9ADE-8401EE0C5CDD}.Release|x64.Build.0 = Release|x64
		{79E15442-5912-43C4-9ADE-8401EE0C5CDD}.Release|x86.ActiveCfg = Release|Win32
		{79E15442-5912-43C4-9ADE-8401EE0C5CDD}.Release|x86.Build.0 = Release|Win32
	EndGlobalSection
	GlobalSection(SolutionProperties) = preSolution
		HideSolutionNode = FALSE
	EndGlobalSection
	GlobalSection(ExtensibilityGlobals) = postSolution
		SolutionGuid = {BA18F011-E972-4384-ACD8-3FA32C404089}
	EndGlobalSection
EndGlobal
